
Microsoft Visual Studio Solution File, Format Version 12.00
# Visual Studio Version 17
VisualStudioVersion = 17.4.33103.184
MinimumVisualStudioVersion = 10.0.40219.1
Project("{9A19103F-16F7-4668-BE54-9A1E7A4F7556}") = "day05", "day05\day05.csproj", "{5806FFF0-DD1F-4AB5-A6D0-CE7D0AA22DF1}"
EndProject
Project("{9A19103F-16F7-4668-BE54-9A1E7A4F7556}") = "day01", "day01\day01.csproj", "{983E4814-C859-4782-802C-B7BB4B16BC30}"
EndProject
Project("{9A19103F-16F7-4668-BE54-9A1E7A4F7556}") = "day06", "day06\day06.csproj", "{9E965CB0-14AC-4152-A56C-2AF8D7006113}"
EndProject
Project("{9A19103F-16F7-4668-BE54-9A1E7A4F7556}") = "day07", "day07\day07.csproj", "{1BA15F81-7A3D-4972-BF7B-F5CF4D79CB51}"
EndProject
Project("{9A19103F-16F7-4668-BE54-9A1E7A4F7556}") = "day08", "day08\day08.csproj", "{43B81C6D-A0BB-4F21-92E2-61B146E65156}"
EndProject
Project("{9A19103F-16F7-4668-BE54-9A1E7A4F7556}") = "day02", "..\..\AoC\day02\day02.csproj", "{FD7050A1-8055-4E59-ABB5-DBD23EB07ECC}"
EndProject
Project("{9A19103F-16F7-4668-BE54-9A1E7A4F7556}") = "day03", "..\..\AoC\day03\day03.csproj", "{4EA408E7-823C-423E-A944-204B6A2AFD9A}"
EndProject
Project("{9A19103F-16F7-4668-BE54-9A1E7A4F7556}") = "day04", "..\..\AoC\day04\day04.csproj", "{B2406073-01A9-46C5-B314-84EB420A5F6F}"
EndProject
Project("{9A19103F-16F7-4668-BE54-9A1E7A4F7556}") = "day09", "day09\day09.csproj", "{428C0C89-2976-47D3-9F33-62004E97AD9D}"
EndProject
Project("{FAE04EC0-301F-11D3-BF4B-00C04F79EFBC}") = "day10", "day10\day10.csproj", "{C6DB849A-FB44-4022-BEA2-892D88A2BF55}"
EndProject
Global
	GlobalSection(SolutionConfigurationPlatforms) = preSolution
		Debug|Any CPU = Debug|Any CPU
		Release|Any CPU = Release|Any CPU
	EndGlobalSection
	GlobalSection(ProjectConfigurationPlatforms) = postSolution
		{5806FFF0-DD1F-4AB5-A6D0-CE7D0AA22DF1}.Debug|Any CPU.ActiveCfg = Debug|Any CPU
		{5806FFF0-DD1F-4AB5-A6D0-CE7D0AA22DF1}.Debug|Any CPU.Build.0 = Debug|Any CPU
		{5806FFF0-DD1F-4AB5-A6D0-CE7D0AA22DF1}.Release|Any CPU.ActiveCfg = Release|Any CPU
		{5806FFF0-DD1F-4AB5-A6D0-CE7D0AA22DF1}.Release|Any CPU.Build.0 = Release|Any CPU
		{983E4814-C859-4782-802C-B7BB4B16BC30}.Debug|Any CPU.ActiveCfg = Debug|Any CPU
		{983E4814-C859-4782-802C-B7BB4B16BC30}.Debug|Any CPU.Build.0 = Debug|Any CPU
		{983E4814-C859-4782-802C-B7BB4B16BC30}.Release|Any CPU.ActiveCfg = Release|Any CPU
		{983E4814-C859-4782-802C-B7BB4B16BC30}.Release|Any CPU.Build.0 = Release|Any CPU
		{9E965CB0-14AC-4152-A56C-2AF8D7006113}.Debug|Any CPU.ActiveCfg = Debug|Any CPU
		{9E965CB0-14AC-4152-A56C-2AF8D7006113}.Debug|Any CPU.Build.0 = Debug|Any CPU
		{9E965CB0-14AC-4152-A56C-2AF8D7006113}.Release|Any CPU.ActiveCfg = Release|Any CPU
		{9E965CB0-14AC-4152-A56C-2AF8D7006113}.Release|Any CPU.Build.0 = Release|Any CPU
		{1BA15F81-7A3D-4972-BF7B-F5CF4D79CB51}.Debug|Any CPU.ActiveCfg = Debug|Any CPU
		{1BA15F81-7A3D-4972-BF7B-F5CF4D79CB51}.Debug|Any CPU.Build.0 = Debug|Any CPU
		{1BA15F81-7A3D-4972-BF7B-F5CF4D79CB51}.Release|Any CPU.ActiveCfg = Release|Any CPU
		{1BA15F81-7A3D-4972-BF7B-F5CF4D79CB51}.Release|Any CPU.Build.0 = Release|Any CPU
		{43B81C6D-A0BB-4F21-92E2-61B146E65156}.Debug|Any CPU.ActiveCfg = Debug|Any CPU
		{43B81C6D-A0BB-4F21-92E2-61B146E65156}.Debug|Any CPU.Build.0 = Debug|Any CPU
		{43B81C6D-A0BB-4F21-92E2-61B146E65156}.Release|Any CPU.ActiveCfg = Release|Any CPU
		{43B81C6D-A0BB-4F21-92E2-61B146E65156}.Release|Any CPU.Build.0 = Release|Any CPU
		{FD7050A1-8055-4E59-ABB5-DBD23EB07ECC}.Debug|Any CPU.ActiveCfg = Debug|Any CPU
		{FD7050A1-8055-4E59-ABB5-DBD23EB07ECC}.Debug|Any CPU.Build.0 = Debug|Any CPU
		{FD7050A1-8055-4E59-ABB5-DBD23EB07ECC}.Release|Any CPU.ActiveCfg = Release|Any CPU
		{FD7050A1-8055-4E59-ABB5-DBD23EB07ECC}.Release|Any CPU.Build.0 = Release|Any CPU
		{4EA408E7-823C-423E-A944-204B6A2AFD9A}.Debug|Any CPU.ActiveCfg = Debug|Any CPU
		{4EA408E7-823C-423E-A944-204B6A2AFD9A}.Debug|Any CPU.Build.0 = Debug|Any CPU
		{4EA408E7-823C-423E-A944-204B6A2AFD9A}.Release|Any CPU.ActiveCfg = Release|Any CPU
		{4EA408E7-823C-423E-A944-204B6A2AFD9A}.Release|Any CPU.Build.0 = Release|Any CPU
		{B2406073-01A9-46C5-B314-84EB420A5F6F}.Debug|Any CPU.ActiveCfg = Debug|Any CPU
		{B2406073-01A9-46C5-B314-84EB420A5F6F}.Debug|Any CPU.Build.0 = Debug|Any CPU
		{B2406073-01A9-46C5-B314-84EB420A5F6F}.Release|Any CPU.ActiveCfg = Release|Any CPU
		{B2406073-01A9-46C5-B314-84EB420A5F6F}.Release|Any CPU.Build.0 = Release|Any CPU
		{428C0C89-2976-47D3-9F33-62004E97AD9D}.Debug|Any CPU.ActiveCfg = Debug|Any CPU
		{428C0C89-2976-47D3-9F33-62004E97AD9D}.Debug|Any CPU.Build.0 = Debug|Any CPU
		{428C0C89-2976-47D3-9F33-62004E97AD9D}.Release|Any CPU.ActiveCfg = Release|Any CPU
		{428C0C89-2976-47D3-9F33-62004E97AD9D}.Release|Any CPU.Build.0 = Release|Any CPU
		{C6DB849A-FB44-4022-BEA2-892D88A2BF55}.Debug|Any CPU.ActiveCfg = Debug|Any CPU
		{C6DB849A-FB44-4022-BEA2-892D88A2BF55}.Debug|Any CPU.Build.0 = Debug|Any CPU
		{C6DB849A-FB44-4022-BEA2-892D88A2BF55}.Release|Any CPU.ActiveCfg = Release|Any CPU
		{C6DB849A-FB44-4022-BEA2-892D88A2BF55}.Release|Any CPU.Build.0 = Release|Any CPU
	EndGlobalSection
	GlobalSection(SolutionProperties) = preSolution
		HideSolutionNode = FALSE
	EndGlobalSection
	GlobalSection(ExtensibilityGlobals) = postSolution
		SolutionGuid = {6773B184-5197-455B-ADF1-920D0309BA1B}
	EndGlobalSection
EndGlobal
