
Microsoft Visual Studio Solution File, Format Version 12.00
# Visual Studio Version 17
VisualStudioVersion = 17.4.33103.184
MinimumVisualStudioVersion = 10.0.40219.1
Project("{9A19103F-16F7-4668-BE54-9A1E7A4F7556}") = "day05", "day05\day05.csproj", "{5806FFF0-DD1F-4AB5-A6D0-CE7D0AA22DF1}"
EndProject
Project("{9A19103F-16F7-4668-BE54-9A1E7A4F7556}") = "day01", "day01\day01.csproj", "{983E4814-C859-4782-802C-B7BB4B16BC30}"
EndProject
Project("{9A19103F-16F7-4668-BE54-9A1E7A4F7556}") = "day06", "day06\day06.csproj", "{9E965CB0-14AC-4152-A56C-2AF8D7006113}"
EndProject
Project("{9A19103F-16F7-4668-BE54-9A1E7A4F7556}") = "day07", "day07\day07.csproj", "{1BA15F81-7A3D-4972-BF7B-F5CF4D79CB51}"
EndProject
Project("{9A19103F-16F7-4668-BE54-9A1E7A4F7556}") = "day08", "day08\day08.csproj", "{43B81C6D-A0BB-4F21-92E2-61B146E65156}"
EndProject
Project("{9A19103F-16F7-4668-BE54-9A1E7A4F7556}") = "day02", "..\..\AoC\day02\day02.csproj", "{FD7050A1-8055-4E59-ABB5-DBD23EB07ECC}"
EndProject
Project("{9A19103F-16F7-4668-BE54-9A1E7A4F7556}") = "day03", "..\..\AoC\day03\day03.csproj", "{4EA408E7-823C-423E-A944-204B6A2AFD9A}"
EndProject
Project("{9A19103F-16F7-4668-BE54-9A1E7A4F7556}") = "day04", "..\..\AoC\day04\day04.csproj", "{B2406073-01A9-46C5-B314-84EB420A5F6F}"
EndProject
Project("{9A19103F-16F7-4668-BE54-9A1E7A4F7556}") = "day09", "day09\day09.csproj", "{428C0C89-2976-47D3-9F33-62004E97AD9D}"
EndProject
Project("{9A19103F-16F7-4668-BE54-9A1E7A4F7556}") = "day10", "day10\day10.csproj", "{C6DB849A-FB44-4022-BEA2-892D88A2BF55}"
EndProject
Project("{9A19103F-16F7-4668-BE54-9A1E7A4F7556}") = "day11", "day11\day11.csproj", "{85CB0DF7-92EA-41DC-AC3E-BDA501FD610B}"
EndProject
Project("{9A19103F-16F7-4668-BE54-9A1E7A4F7556}") = "day12", "day12\day12.csproj", "{759C2DD8-0BCE-4FA4-9001-7EBD9371D01F}"
EndProject
Project("{9A19103F-16F7-4668-BE54-9A1E7A4F7556}") = "day13", "day13\day13.csproj", "{C356A610-936F-4EA1-A306-5C2E8510126A}"
EndProject
Project("{9A19103F-16F7-4668-BE54-9A1E7A4F7556}") = "day14", "day14\day14.csproj", "{CAF6688F-0520-47A2-B94D-09B6C51F18B3}"
EndProject
Project("{9A19103F-16F7-4668-BE54-9A1E7A4F7556}") = "day15", "day15\day15.csproj", "{4131B18C-0D47-4B63-878D-0F1849D2A46D}"
EndProject
Project("{9A19103F-16F7-4668-BE54-9A1E7A4F7556}") = "day16", "day16\day16.csproj", "{B1551D04-71FB-45A0-902B-7BE8D63D743F}"
EndProject
Project("{9A19103F-16F7-4668-BE54-9A1E7A4F7556}") = "day17", "day17\day17.csproj", "{765A38EC-2F49-42F7-9D44-EFCEA09B14B1}"
EndProject
Project("{9A19103F-16F7-4668-BE54-9A1E7A4F7556}") = "day25", "day25\day25.csproj", "{3AFEE3DF-4FAC-4A74-9DC9-645F0487604C}"
EndProject
Project("{9A19103F-16F7-4668-BE54-9A1E7A4F7556}") = "day24", "day24\day24.csproj", "{7FE8CDB5-A028-44B1-B673-E56D9BAD3557}"
EndProject
Project("{9A19103F-16F7-4668-BE54-9A1E7A4F7556}") = "day23", "day23\day23.csproj", "{B160CF88-BF6D-4A0B-AF5A-4CCE6CE33F84}"
EndProject
Project("{9A19103F-16F7-4668-BE54-9A1E7A4F7556}") = "day22", "day22\day22.csproj", "{D26C1F72-3776-4A8D-AD4E-2257EFCCE496}"
EndProject
Project("{FAE04EC0-301F-11D3-BF4B-00C04F79EFBC}") = "day21", "day21\day21.csproj", "{514E2CDC-85AE-406F-BB4F-14BAA0CE4799}"
EndProject
Project("{FAE04EC0-301F-11D3-BF4B-00C04F79EFBC}") = "day18", "day18\day18.csproj", "{BFCB930F-1166-4695-AEF8-2A2670417EE3}"
EndProject
Project("{FAE04EC0-301F-11D3-BF4B-00C04F79EFBC}") = "day20", "day20\day20.csproj", "{BA02D0CC-D0A0-4575-8056-9FE252C101CC}"
EndProject
Project("{FAE04EC0-301F-11D3-BF4B-00C04F79EFBC}") = "day19", "day19\day19.csproj", "{9E6B24B0-432D-4907-8BB0-D0D37DDB165F}"
EndProject
Global
	GlobalSection(SolutionConfigurationPlatforms) = preSolution
		Debug|Any CPU = Debug|Any CPU
		Release|Any CPU = Release|Any CPU
	EndGlobalSection
	GlobalSection(ProjectConfigurationPlatforms) = postSolution
		{5806FFF0-DD1F-4AB5-A6D0-CE7D0AA22DF1}.Debug|Any CPU.ActiveCfg = Debug|Any CPU
		{5806FFF0-DD1F-4AB5-A6D0-CE7D0AA22DF1}.Debug|Any CPU.Build.0 = Debug|Any CPU
		{5806FFF0-DD1F-4AB5-A6D0-CE7D0AA22DF1}.Release|Any CPU.ActiveCfg = Release|Any CPU
		{5806FFF0-DD1F-4AB5-A6D0-CE7D0AA22DF1}.Release|Any CPU.Build.0 = Release|Any CPU
		{983E4814-C859-4782-802C-B7BB4B16BC30}.Debug|Any CPU.ActiveCfg = Debug|Any CPU
		{983E4814-C859-4782-802C-B7BB4B16BC30}.Debug|Any CPU.Build.0 = Debug|Any CPU
		{983E4814-C859-4782-802C-B7BB4B16BC30}.Release|Any CPU.ActiveCfg = Release|Any CPU
		{983E4814-C859-4782-802C-B7BB4B16BC30}.Release|Any CPU.Build.0 = Release|Any CPU
		{9E965CB0-14AC-4152-A56C-2AF8D7006113}.Debug|Any CPU.ActiveCfg = Debug|Any CPU
		{9E965CB0-14AC-4152-A56C-2AF8D7006113}.Debug|Any CPU.Build.0 = Debug|Any CPU
		{9E965CB0-14AC-4152-A56C-2AF8D7006113}.Release|Any CPU.ActiveCfg = Release|Any CPU
		{9E965CB0-14AC-4152-A56C-2AF8D7006113}.Release|Any CPU.Build.0 = Release|Any CPU
		{1BA15F81-7A3D-4972-BF7B-F5CF4D79CB51}.Debug|Any CPU.ActiveCfg = Debug|Any CPU
		{1BA15F81-7A3D-4972-BF7B-F5CF4D79CB51}.Debug|Any CPU.Build.0 = Debug|Any CPU
		{1BA15F81-7A3D-4972-BF7B-F5CF4D79CB51}.Release|Any CPU.ActiveCfg = Release|Any CPU
		{1BA15F81-7A3D-4972-BF7B-F5CF4D79CB51}.Release|Any CPU.Build.0 = Release|Any CPU
		{43B81C6D-A0BB-4F21-92E2-61B146E65156}.Debug|Any CPU.ActiveCfg = Debug|Any CPU
		{43B81C6D-A0BB-4F21-92E2-61B146E65156}.Debug|Any CPU.Build.0 = Debug|Any CPU
		{43B81C6D-A0BB-4F21-92E2-61B146E65156}.Release|Any CPU.ActiveCfg = Release|Any CPU
		{43B81C6D-A0BB-4F21-92E2-61B146E65156}.Release|Any CPU.Build.0 = Release|Any CPU
		{FD7050A1-8055-4E59-ABB5-DBD23EB07ECC}.Debug|Any CPU.ActiveCfg = Debug|Any CPU
		{FD7050A1-8055-4E59-ABB5-DBD23EB07ECC}.Debug|Any CPU.Build.0 = Debug|Any CPU
		{FD7050A1-8055-4E59-ABB5-DBD23EB07ECC}.Release|Any CPU.ActiveCfg = Release|Any CPU
		{FD7050A1-8055-4E59-ABB5-DBD23EB07ECC}.Release|Any CPU.Build.0 = Release|Any CPU
		{4EA408E7-823C-423E-A944-204B6A2AFD9A}.Debug|Any CPU.ActiveCfg = Debug|Any CPU
		{4EA408E7-823C-423E-A944-204B6A2AFD9A}.Debug|Any CPU.Build.0 = Debug|Any CPU
		{4EA408E7-823C-423E-A944-204B6A2AFD9A}.Release|Any CPU.ActiveCfg = Release|Any CPU
		{4EA408E7-823C-423E-A944-204B6A2AFD9A}.Release|Any CPU.Build.0 = Release|Any CPU
		{B2406073-01A9-46C5-B314-84EB420A5F6F}.Debug|Any CPU.ActiveCfg = Debug|Any CPU
		{B2406073-01A9-46C5-B314-84EB420A5F6F}.Debug|Any CPU.Build.0 = Debug|Any CPU
		{B2406073-01A9-46C5-B314-84EB420A5F6F}.Release|Any CPU.ActiveCfg = Release|Any CPU
		{B2406073-01A9-46C5-B314-84EB420A5F6F}.Release|Any CPU.Build.0 = Release|Any CPU
		{428C0C89-2976-47D3-9F33-62004E97AD9D}.Debug|Any CPU.ActiveCfg = Debug|Any CPU
		{428C0C89-2976-47D3-9F33-62004E97AD9D}.Debug|Any CPU.Build.0 = Debug|Any CPU
		{428C0C89-2976-47D3-9F33-62004E97AD9D}.Release|Any CPU.ActiveCfg = Release|Any CPU
		{428C0C89-2976-47D3-9F33-62004E97AD9D}.Release|Any CPU.Build.0 = Release|Any CPU
		{C6DB849A-FB44-4022-BEA2-892D88A2BF55}.Debug|Any CPU.ActiveCfg = Debug|Any CPU
		{C6DB849A-FB44-4022-BEA2-892D88A2BF55}.Debug|Any CPU.Build.0 = Debug|Any CPU
		{C6DB849A-FB44-4022-BEA2-892D88A2BF55}.Release|Any CPU.ActiveCfg = Release|Any CPU
		{C6DB849A-FB44-4022-BEA2-892D88A2BF55}.Release|Any CPU.Build.0 = Release|Any CPU
		{85CB0DF7-92EA-41DC-AC3E-BDA501FD610B}.Debug|Any CPU.ActiveCfg = Debug|Any CPU
		{85CB0DF7-92EA-41DC-AC3E-BDA501FD610B}.Debug|Any CPU.Build.0 = Debug|Any CPU
		{85CB0DF7-92EA-41DC-AC3E-BDA501FD610B}.Release|Any CPU.ActiveCfg = Release|Any CPU
		{85CB0DF7-92EA-41DC-AC3E-BDA501FD610B}.Release|Any CPU.Build.0 = Release|Any CPU
		{759C2DD8-0BCE-4FA4-9001-7EBD9371D01F}.Debug|Any CPU.ActiveCfg = Debug|Any CPU
		{759C2DD8-0BCE-4FA4-9001-7EBD9371D01F}.Debug|Any CPU.Build.0 = Debug|Any CPU
		{759C2DD8-0BCE-4FA4-9001-7EBD9371D01F}.Release|Any CPU.ActiveCfg = Release|Any CPU
		{759C2DD8-0BCE-4FA4-9001-7EBD9371D01F}.Release|Any CPU.Build.0 = Release|Any CPU
		{C356A610-936F-4EA1-A306-5C2E8510126A}.Debug|Any CPU.ActiveCfg = Debug|Any CPU
		{C356A610-936F-4EA1-A306-5C2E8510126A}.Debug|Any CPU.Build.0 = Debug|Any CPU
		{C356A610-936F-4EA1-A306-5C2E8510126A}.Release|Any CPU.ActiveCfg = Release|Any CPU
		{C356A610-936F-4EA1-A306-5C2E8510126A}.Release|Any CPU.Build.0 = Release|Any CPU
		{CAF6688F-0520-47A2-B94D-09B6C51F18B3}.Debug|Any CPU.ActiveCfg = Debug|Any CPU
		{CAF6688F-0520-47A2-B94D-09B6C51F18B3}.Debug|Any CPU.Build.0 = Debug|Any CPU
		{CAF6688F-0520-47A2-B94D-09B6C51F18B3}.Release|Any CPU.ActiveCfg = Release|Any CPU
		{CAF6688F-0520-47A2-B94D-09B6C51F18B3}.Release|Any CPU.Build.0 = Release|Any CPU
		{4131B18C-0D47-4B63-878D-0F1849D2A46D}.Debug|Any CPU.ActiveCfg = Debug|Any CPU
		{4131B18C-0D47-4B63-878D-0F1849D2A46D}.Debug|Any CPU.Build.0 = Debug|Any CPU
		{4131B18C-0D47-4B63-878D-0F1849D2A46D}.Release|Any CPU.ActiveCfg = Release|Any CPU
		{4131B18C-0D47-4B63-878D-0F1849D2A46D}.Release|Any CPU.Build.0 = Release|Any CPU
		{B1551D04-71FB-45A0-902B-7BE8D63D743F}.Debug|Any CPU.ActiveCfg = Debug|Any CPU
		{B1551D04-71FB-45A0-902B-7BE8D63D743F}.Debug|Any CPU.Build.0 = Debug|Any CPU
		{B1551D04-71FB-45A0-902B-7BE8D63D743F}.Release|Any CPU.ActiveCfg = Release|Any CPU
		{B1551D04-71FB-45A0-902B-7BE8D63D743F}.Release|Any CPU.Build.0 = Release|Any CPU
		{765A38EC-2F49-42F7-9D44-EFCEA09B14B1}.Debug|Any CPU.ActiveCfg = Debug|Any CPU
		{765A38EC-2F49-42F7-9D44-EFCEA09B14B1}.Debug|Any CPU.Build.0 = Debug|Any CPU
		{765A38EC-2F49-42F7-9D44-EFCEA09B14B1}.Release|Any CPU.ActiveCfg = Release|Any CPU
		{765A38EC-2F49-42F7-9D44-EFCEA09B14B1}.Release|Any CPU.Build.0 = Release|Any CPU
		{3AFEE3DF-4FAC-4A74-9DC9-645F0487604C}.Debug|Any CPU.ActiveCfg = Debug|Any CPU
		{3AFEE3DF-4FAC-4A74-9DC9-645F0487604C}.Debug|Any CPU.Build.0 = Debug|Any CPU
		{3AFEE3DF-4FAC-4A74-9DC9-645F0487604C}.Release|Any CPU.ActiveCfg = Release|Any CPU
		{3AFEE3DF-4FAC-4A74-9DC9-645F0487604C}.Release|Any CPU.Build.0 = Release|Any CPU
		{7FE8CDB5-A028-44B1-B673-E56D9BAD3557}.Debug|Any CPU.ActiveCfg = Debug|Any CPU
		{7FE8CDB5-A028-44B1-B673-E56D9BAD3557}.Debug|Any CPU.Build.0 = Debug|Any CPU
		{7FE8CDB5-A028-44B1-B673-E56D9BAD3557}.Release|Any CPU.ActiveCfg = Release|Any CPU
		{7FE8CDB5-A028-44B1-B673-E56D9BAD3557}.Release|Any CPU.Build.0 = Release|Any CPU
		{B160CF88-BF6D-4A0B-AF5A-4CCE6CE33F84}.Debug|Any CPU.ActiveCfg = Debug|Any CPU
		{B160CF88-BF6D-4A0B-AF5A-4CCE6CE33F84}.Debug|Any CPU.Build.0 = Debug|Any CPU
		{B160CF88-BF6D-4A0B-AF5A-4CCE6CE33F84}.Release|Any CPU.ActiveCfg = Release|Any CPU
		{B160CF88-BF6D-4A0B-AF5A-4CCE6CE33F84}.Release|Any CPU.Build.0 = Release|Any CPU
		{D26C1F72-3776-4A8D-AD4E-2257EFCCE496}.Debug|Any CPU.ActiveCfg = Debug|Any CPU
		{D26C1F72-3776-4A8D-AD4E-2257EFCCE496}.Debug|Any CPU.Build.0 = Debug|Any CPU
		{D26C1F72-3776-4A8D-AD4E-2257EFCCE496}.Release|Any CPU.ActiveCfg = Release|Any CPU
		{D26C1F72-3776-4A8D-AD4E-2257EFCCE496}.Release|Any CPU.Build.0 = Release|Any CPU
		{514E2CDC-85AE-406F-BB4F-14BAA0CE4799}.Debug|Any CPU.ActiveCfg = Debug|Any CPU
		{514E2CDC-85AE-406F-BB4F-14BAA0CE4799}.Debug|Any CPU.Build.0 = Debug|Any CPU
		{514E2CDC-85AE-406F-BB4F-14BAA0CE4799}.Release|Any CPU.ActiveCfg = Release|Any CPU
		{514E2CDC-85AE-406F-BB4F-14BAA0CE4799}.Release|Any CPU.Build.0 = Release|Any CPU
		{BFCB930F-1166-4695-AEF8-2A2670417EE3}.Debug|Any CPU.ActiveCfg = Debug|Any CPU
		{BFCB930F-1166-4695-AEF8-2A2670417EE3}.Debug|Any CPU.Build.0 = Debug|Any CPU
		{BFCB930F-1166-4695-AEF8-2A2670417EE3}.Release|Any CPU.ActiveCfg = Release|Any CPU
		{BFCB930F-1166-4695-AEF8-2A2670417EE3}.Release|Any CPU.Build.0 = Release|Any CPU
		{BA02D0CC-D0A0-4575-8056-9FE252C101CC}.Debug|Any CPU.ActiveCfg = Debug|Any CPU
		{BA02D0CC-D0A0-4575-8056-9FE252C101CC}.Debug|Any CPU.Build.0 = Debug|Any CPU
		{BA02D0CC-D0A0-4575-8056-9FE252C101CC}.Release|Any CPU.ActiveCfg = Release|Any CPU
		{BA02D0CC-D0A0-4575-8056-9FE252C101CC}.Release|Any CPU.Build.0 = Release|Any CPU
		{9E6B24B0-432D-4907-8BB0-D0D37DDB165F}.Debug|Any CPU.ActiveCfg = Debug|Any CPU
		{9E6B24B0-432D-4907-8BB0-D0D37DDB165F}.Debug|Any CPU.Build.0 = Debug|Any CPU
		{9E6B24B0-432D-4907-8BB0-D0D37DDB165F}.Release|Any CPU.ActiveCfg = Release|Any CPU
		{9E6B24B0-432D-4907-8BB0-D0D37DDB165F}.Release|Any CPU.Build.0 = Release|Any CPU
	EndGlobalSection
	GlobalSection(SolutionProperties) = preSolution
		HideSolutionNode = FALSE
	EndGlobalSection
	GlobalSection(ExtensibilityGlobals) = postSolution
		SolutionGuid = {6773B184-5197-455B-ADF1-920D0309BA1B}
	EndGlobalSection
EndGlobal
